Microsoft Visual Studio Solution File, Format Version 12.00
# Visual Studio Version 17
VisualStudioVersion = 17.13.35507.96
MinimumVisualStudioVersion = 10.0.40219.1
Project("{FAE04EC0-301F-11D3-BF4B-00C04F79EFBC}") = "Maple.AzureValley", "Maple.AzureValley\Maple.AzureValley.csproj", "{CF8CAA3B-5214-43D9-BDB5-33B29581C533}"
EndProject
Project("{FAE04EC0-301F-11D3-BF4B-00C04F79EFBC}") = "Maple.AzureValley.Metadata", "Maple.AzureValley.Metadata\Maple.AzureValley.Metadata.csproj", "{2208DA5B-2B3B-4F0C-8325-8E08BF035C12}"
EndProject
Global
	GlobalSection(SolutionConfigurationPlatforms) = preSolution
		Debug|Any CPU = Debug|Any CPU
		Release|Any CPU = Release|Any CPU
	EndGlobalSection
	GlobalSection(ProjectConfigurationPlatforms) = postSolution
		{CF8CAA3B-5214-43D9-BDB5-33B29581C533}.Debug|Any CPU.ActiveCfg = Debug|Any CPU
		{CF8CAA3B-5214-43D9-BDB5-33B29581C533}.Debug|Any CPU.Build.0 = Debug|Any CPU
		{CF8CAA3B-5214-43D9-BDB5-33B29581C533}.Release|Any CPU.ActiveCfg = Release|Any CPU
		{CF8CAA3B-5214-43D9-BDB5-33B29581C533}.Release|Any CPU.Build.0 = Release|Any CPU
		{2208DA5B-2B3B-4F0C-8325-8E08BF035C12}.Debug|Any CPU.ActiveCfg = Debug|Any CPU
		{2208DA5B-2B3B-4F0C-8325-8E08BF035C12}.Debug|Any CPU.Build.0 = Debug|Any CPU
		{2208DA5B-2B3B-4F0C-8325-8E08BF035C12}.Release|Any CPU.ActiveCfg = Release|Any CPU
		{2208DA5B-2B3B-4F0C-8325-8E08BF035C12}.Release|Any CPU.Build.0 = Release|Any CPU
	EndGlobalSection
	GlobalSection(SolutionProperties) = preSolution
		HideSolutionNode = FALSE
	EndGlobalSection
	GlobalSection(ExtensibilityGlobals) = postSolution
		SolutionGuid = {3B9B23DA-D262-492E-8F27-8E4396C0F66D}
	EndGlobalSection
EndGlobal
